// !$*UTF8*$!
{
	archiveVersion = 1;
	classes = {
	};
	objectVersion = 46;
	objects = {

/* Begin PBXBuildFile section */
		26532C201A86FC5300053103 /* libtsutil.5.dylib in Frameworks */ = {isa = PBXBuildFile; fileRef = 26793BF41A86ED7C005E46B6 /* libtsutil.5.dylib */; };
		26532C211A86FC5300053103 /* libtsmgmt.5.dylib in Frameworks */ = {isa = PBXBuildFile; fileRef = 26793BF31A86ED7C005E46B6 /* libtsmgmt.5.dylib */; };
		26532C221A86FC5300053103 /* libtsconfig.5.dylib in Frameworks */ = {isa = PBXBuildFile; fileRef = 26793BF21A86ED7C005E46B6 /* libtsconfig.5.dylib */; };
		26532C231A86FC6500053103 /* libfdcore.1.2.0.dylib in Frameworks */ = {isa = PBXBuildFile; fileRef = 26793BF91A86EDA8005E46B6 /* libfdcore.1.2.0.dylib */; };
		26532C241A86FC6500053103 /* libfdproto.1.2.0.dylib in Frameworks */ = {isa = PBXBuildFile; fileRef = 26793BF81A86EDA8005E46B6 /* libfdproto.1.2.0.dylib */; };
		26D68F3D1A990F9D00BF5851 /* dc.c in Sources */ = {isa = PBXBuildFile; fileRef = 26B31AD71A83EAFE0065E119 /* dc.c */; };
		26D68F3E1A990F9D00BF5851 /* ta_dict.c in Sources */ = {isa = PBXBuildFile; fileRef = 26B31ADC1A83EAFE0065E119 /* ta_dict.c */; };
		26D68F3F1A990F9D00BF5851 /* test_app.c in Sources */ = {isa = PBXBuildFile; fileRef = 26B31ADE1A83EAFE0065E119 /* test_app.c */; };
		26D68F401A990F9D00BF5851 /* ta_cli.c in Sources */ = {isa = PBXBuildFile; fileRef = 26B31ADA1A83EAFE0065E119 /* ta_cli.c */; };
		26D68F411A990F9D00BF5851 /* trplugin.c in Sources */ = {isa = PBXBuildFile; fileRef = 26B31AE01A83EAFE0065E119 /* trplugin.c */; };
		26D68F421A990F9D00BF5851 /* definition.c in Sources */ = {isa = PBXBuildFile; fileRef = 26532C251A86FF4800053103 /* definition.c */; };
		26D68F431A990F9D00BF5851 /* srv_resource.c in Sources */ = {isa = PBXBuildFile; fileRef = 268EDE091A93EC6300AC6D41 /* srv_resource.c */; };
		26D68F451A9A136000BF5851 /* timeout_thread.c in Sources */ = {isa = PBXBuildFile; fileRef = 26D68F441A9A136000BF5851 /* timeout_thread.c */; };
/* End PBXBuildFile section */

/* Begin PBXFileReference section */
		26532C251A86FF4800053103 /* definition.c */ = {isa = PBXFileReference; fileEncoding = 4; lastKnownFileType = sourcecode.c.c; path = definition.c; sourceTree = "<group>"; };
		266710FB1A7C113C00A140E9 /* trplugin */ = {isa = PBXFileReference; explicitFileType = "compiled.mach-o.executable"; includeInIndex = 0; path = trplugin; sourceTree = BUILT_PRODUCTS_DIR; };
		26793BF21A86ED7C005E46B6 /* libtsconfig.5.dylib */ = {isa = PBXFileReference; lastKnownFileType = "compiled.mach-o.dylib"; name = libtsconfig.5.dylib; path = ../../../../../../opt/ats/lib/libtsconfig.5.dylib; sourceTree = "<group>"; };
		26793BF31A86ED7C005E46B6 /* libtsmgmt.5.dylib */ = {isa = PBXFileReference; lastKnownFileType = "compiled.mach-o.dylib"; name = libtsmgmt.5.dylib; path = ../../../../../../opt/ats/lib/libtsmgmt.5.dylib; sourceTree = "<group>"; };
		26793BF41A86ED7C005E46B6 /* libtsutil.5.dylib */ = {isa = PBXFileReference; lastKnownFileType = "compiled.mach-o.dylib"; name = libtsutil.5.dylib; path = ../../../../../../opt/ats/lib/libtsutil.5.dylib; sourceTree = "<group>"; };
		26793BF81A86EDA8005E46B6 /* libfdproto.1.2.0.dylib */ = {isa = PBXFileReference; lastKnownFileType = "compiled.mach-o.dylib"; name = libfdproto.1.2.0.dylib; path = ../../../../../../opt/fd/lib/libfdproto.1.2.0.dylib; sourceTree = "<group>"; };
		26793BF91A86EDA8005E46B6 /* libfdcore.1.2.0.dylib */ = {isa = PBXFileReference; lastKnownFileType = "compiled.mach-o.dylib"; name = libfdcore.1.2.0.dylib; path = ../../../../../../opt/fd/lib/libfdcore.1.2.0.dylib; sourceTree = "<group>"; };
		26793BFE1A86F1AD005E46B6 /* ta_cli_dummy.c */ = {isa = PBXFileReference; fileEncoding = 4; lastKnownFileType = sourcecode.c.c; path = ta_cli_dummy.c; sourceTree = "<group>"; };
		26793BFF1A86F1AD005E46B6 /* ta_serv_dummy.c */ = {isa = PBXFileReference; fileEncoding = 4; lastKnownFileType = sourcecode.c.c; path = ta_serv_dummy.c; sourceTree = "<group>"; };
		268EDDFF1A8AB77D00AC6D41 /* fd1.conf */ = {isa = PBXFileReference; fileEncoding = 4; lastKnownFileType = text; path = fd1.conf; sourceTree = "<group>"; };
		268EDE001A8AB84B00AC6D41 /* id1.privkey.pem */ = {isa = PBXFileReference; fileEncoding = 4; lastKnownFileType = text; path = id1.privkey.pem; sourceTree = "<group>"; };
		268EDE011A8AB84B00AC6D41 /* id2.privkey.pem */ = {isa = PBXFileReference; fileEncoding = 4; lastKnownFileType = text; path = id2.privkey.pem; sourceTree = "<group>"; };
		268EDE021A8AB84B00AC6D41 /* id1.cert.pem */ = {isa = PBXFileReference; fileEncoding = 4; lastKnownFileType = text; path = id1.cert.pem; sourceTree = "<group>"; };
		268EDE031A8AB84B00AC6D41 /* id2.cert.pem */ = {isa = PBXFileReference; fileEncoding = 4; lastKnownFileType = text; path = id2.cert.pem; sourceTree = "<group>"; };
		268EDE041A8AB84B00AC6D41 /* id1.dh.pem */ = {isa = PBXFileReference; fileEncoding = 4; lastKnownFileType = text; path = id1.dh.pem; sourceTree = "<group>"; };
		268EDE051A8AB84B00AC6D41 /* id2.dh.pem */ = {isa = PBXFileReference; fileEncoding = 4; lastKnownFileType = text; path = id2.dh.pem; sourceTree = "<group>"; };
		268EDE061A8AB8E600AC6D41 /* fd2.conf */ = {isa = PBXFileReference; fileEncoding = 4; lastKnownFileType = text; path = fd2.conf; sourceTree = "<group>"; };
		268EDE081A8FB4CD00AC6D41 /* Makefile.apple */ = {isa = PBXFileReference; fileEncoding = 4; lastKnownFileType = text; path = Makefile.apple; sourceTree = "<group>"; };
		268EDE091A93EC6300AC6D41 /* srv_resource.c */ = {isa = PBXFileReference; fileEncoding = 4; lastKnownFileType = sourcecode.c.c; path = srv_resource.c; sourceTree = "<group>"; };
		26B31AD11A83EAFE0065E119 /* dc.h */ = {isa = PBXFileReference; fileEncoding = 4; lastKnownFileType = sourcecode.c.h; path = dc.h; sourceTree = "<group>"; };
		26B31AD21A83EAFE0065E119 /* utarray.h */ = {isa = PBXFileReference; fileEncoding = 4; lastKnownFileType = sourcecode.c.h; path = utarray.h; sourceTree = "<group>"; };
		26B31AD31A83EAFE0065E119 /* uthash.h */ = {isa = PBXFileReference; fileEncoding = 4; lastKnownFileType = sourcecode.c.h; path = uthash.h; sourceTree = "<group>"; };
		26B31AD41A83EAFE0065E119 /* utlist.h */ = {isa = PBXFileReference; fileEncoding = 4; lastKnownFileType = sourcecode.c.h; path = utlist.h; sourceTree = "<group>"; };
		26B31AD51A83EAFE0065E119 /* utstring.h */ = {isa = PBXFileReference; fileEncoding = 4; lastKnownFileType = sourcecode.c.h; path = utstring.h; sourceTree = "<group>"; };
		26B31AD71A83EAFE0065E119 /* dc.c */ = {isa = PBXFileReference; fileEncoding = 4; lastKnownFileType = sourcecode.c.c; path = dc.c; sourceTree = "<group>"; };
		26B31AD91A83EAFE0065E119 /* Makefile */ = {isa = PBXFileReference; fileEncoding = 4; lastKnownFileType = sourcecode.make; path = Makefile; sourceTree = "<group>"; };
		26B31ADA1A83EAFE0065E119 /* ta_cli.c */ = {isa = PBXFileReference; fileEncoding = 4; lastKnownFileType = sourcecode.c.c; path = ta_cli.c; sourceTree = "<group>"; };
		26B31ADC1A83EAFE0065E119 /* ta_dict.c */ = {isa = PBXFileReference; fileEncoding = 4; lastKnownFileType = sourcecode.c.c; path = ta_dict.c; sourceTree = "<group>"; };
		26B31ADE1A83EAFE0065E119 /* test_app.c */ = {isa = PBXFileReference; fileEncoding = 4; lastKnownFileType = sourcecode.c.c; path = test_app.c; sourceTree = "<group>"; };
		26B31AE01A83EAFE0065E119 /* trplugin.c */ = {isa = PBXFileReference; fileEncoding = 4; lastKnownFileType = sourcecode.c.c; path = trplugin.c; sourceTree = "<group>"; };
		26D68F381A94E38800BF5851 /* fdjdc.conf */ = {isa = PBXFileReference; fileEncoding = 4; lastKnownFileType = text; path = fdjdc.conf; sourceTree = "<group>"; };
		26D68F3A1A98E6DA00BF5851 /* testuthash.c */ = {isa = PBXFileReference; fileEncoding = 4; lastKnownFileType = sourcecode.c.c; name = testuthash.c; path = src/testuthash.c; sourceTree = "<group>"; };
		26D68F441A9A136000BF5851 /* timeout_thread.c */ = {isa = PBXFileReference; fileEncoding = 4; lastKnownFileType = sourcecode.c.c; path = timeout_thread.c; sourceTree = "<group>"; };
		26F7AF0B1A8642B10070EAAE /* ta_serv.c */ = {isa = PBXFileReference; fileEncoding = 4; lastKnownFileType = sourcecode.c.c; path = ta_serv.c; sourceTree = "<group>"; };
		26F7AF0D1A8653180070EAAE /* trplugin.h */ = {isa = PBXFileReference; fileEncoding = 4; lastKnownFileType = sourcecode.c.h; path = trplugin.h; sourceTree = "<group>"; };
/* End PBXFileReference section */

/* Begin PBXFrameworksBuildPhase section */
		26793BF11A86ED1C005E46B6 /* Frameworks */ = {
			isa = PBXFrameworksBuildPhase;
			buildActionMask = 2147483647;
			files = (
				26532C231A86FC6500053103 /* libfdcore.1.2.0.dylib in Frameworks */,
				26532C241A86FC6500053103 /* libfdproto.1.2.0.dylib in Frameworks */,
				26532C201A86FC5300053103 /* libtsutil.5.dylib in Frameworks */,
				26532C211A86FC5300053103 /* libtsmgmt.5.dylib in Frameworks */,
				26532C221A86FC5300053103 /* libtsconfig.5.dylib in Frameworks */,
			);
			runOnlyForDeploymentPostprocessing = 0;
		};
/* End PBXFrameworksBuildPhase section */

/* Begin PBXGroup section */
		266710F21A7C113C00A140E9 = {
			isa = PBXGroup;
			children = (
				26D68F391A98E6B700BF5851 /* test */,
				268EDDFE1A8AB77D00AC6D41 /* conf */,
				26793BF81A86EDA8005E46B6 /* libfdproto.1.2.0.dylib */,
				26793BF91A86EDA8005E46B6 /* libfdcore.1.2.0.dylib */,
				26793BF21A86ED7C005E46B6 /* libtsconfig.5.dylib */,
				26793BF31A86ED7C005E46B6 /* libtsmgmt.5.dylib */,
				26793BF41A86ED7C005E46B6 /* libtsutil.5.dylib */,
				26B31AD01A83EAFE0065E119 /* include */,
				26B31AD61A83EAFE0065E119 /* src */,
				266710FC1A7C113C00A140E9 /* Products */,
			);
			sourceTree = "<group>";
		};
		266710FC1A7C113C00A140E9 /* Products */ = {
			isa = PBXGroup;
			children = (
				266710FB1A7C113C00A140E9 /* trplugin */,
			);
			name = Products;
			sourceTree = "<group>";
		};
		268EDDFE1A8AB77D00AC6D41 /* conf */ = {
			isa = PBXGroup;
			children = (
				26D68F381A94E38800BF5851 /* fdjdc.conf */,
				268EDE061A8AB8E600AC6D41 /* fd2.conf */,
				268EDE001A8AB84B00AC6D41 /* id1.privkey.pem */,
				268EDE011A8AB84B00AC6D41 /* id2.privkey.pem */,
				268EDE021A8AB84B00AC6D41 /* id1.cert.pem */,
				268EDE031A8AB84B00AC6D41 /* id2.cert.pem */,
				268EDE041A8AB84B00AC6D41 /* id1.dh.pem */,
				268EDE051A8AB84B00AC6D41 /* id2.dh.pem */,
				268EDDFF1A8AB77D00AC6D41 /* fd1.conf */,
			);
			path = conf;
			sourceTree = "<group>";
		};
		26B31AD01A83EAFE0065E119 /* include */ = {
			isa = PBXGroup;
			children = (
				26B31AD11A83EAFE0065E119 /* dc.h */,
				26F7AF0D1A8653180070EAAE /* trplugin.h */,
				26B31AD21A83EAFE0065E119 /* utarray.h */,
				26B31AD31A83EAFE0065E119 /* uthash.h */,
				26B31AD41A83EAFE0065E119 /* utlist.h */,
				26B31AD51A83EAFE0065E119 /* utstring.h */,
			);
			path = include;
			sourceTree = "<group>";
		};
		26B31AD61A83EAFE0065E119 /* src */ = {
			isa = PBXGroup;
			children = (
				268EDE081A8FB4CD00AC6D41 /* Makefile.apple */,
				26793BFE1A86F1AD005E46B6 /* ta_cli_dummy.c */,
				26793BFF1A86F1AD005E46B6 /* ta_serv_dummy.c */,
				26F7AF0B1A8642B10070EAAE /* ta_serv.c */,
				26B31AD71A83EAFE0065E119 /* dc.c */,
				26B31AD91A83EAFE0065E119 /* Makefile */,
				26B31ADC1A83EAFE0065E119 /* ta_dict.c */,
				26B31ADE1A83EAFE0065E119 /* test_app.c */,
				26B31ADA1A83EAFE0065E119 /* ta_cli.c */,
				26B31AE01A83EAFE0065E119 /* trplugin.c */,
				26532C251A86FF4800053103 /* definition.c */,
				268EDE091A93EC6300AC6D41 /* srv_resource.c */,
				26D68F441A9A136000BF5851 /* timeout_thread.c */,
			);
			path = src;
			sourceTree = "<group>";
		};
		26D68F391A98E6B700BF5851 /* test */ = {
			isa = PBXGroup;
			children = (
				26D68F3A1A98E6DA00BF5851 /* testuthash.c */,
			);
			name = test;
			sourceTree = "<group>";
		};
/* End PBXGroup section */

/* Begin PBXNativeTarget section */
		266710FA1A7C113C00A140E9 /* trplugin */ = {
			isa = PBXNativeTarget;
			buildConfigurationList = 266711021A7C113C00A140E9 /* Build configuration list for PBXNativeTarget "trplugin" */;
			buildPhases = (
				266710F71A7C113C00A140E9 /* Sources */,
				26793BF11A86ED1C005E46B6 /* Frameworks */,
				26532C1F1A86F66000053103 /* ShellScript */,
			);
			buildRules = (
			);
			dependencies = (
			);
			name = trplugin;
			productName = trplugin;
			productReference = 266710FB1A7C113C00A140E9 /* trplugin */;
			productType = "com.apple.product-type.tool";
		};
/* End PBXNativeTarget section */

/* Begin PBXProject section */
		266710F31A7C113C00A140E9 /* Project object */ = {
			isa = PBXProject;
			attributes = {
				LastUpgradeCheck = 0610;
				ORGANIZATIONNAME = "Cheng Yi";
				TargetAttributes = {
					266710FA1A7C113C00A140E9 = {
						CreatedOnToolsVersion = 6.1.1;
					};
				};
			};
			buildConfigurationList = 266710F61A7C113C00A140E9 /* Build configuration list for PBXProject "trplugin" */;
			compatibilityVersion = "Xcode 3.2";
			developmentRegion = English;
			hasScannedForEncodings = 0;
			knownRegions = (
				en,
			);
			mainGroup = 266710F21A7C113C00A140E9;
			productRefGroup = 266710FC1A7C113C00A140E9 /* Products */;
			projectDirPath = "";
			projectRoot = "";
			targets = (
				266710FA1A7C113C00A140E9 /* trplugin */,
			);
		};
/* End PBXProject section */

/* Begin PBXShellScriptBuildPhase section */
		26532C1F1A86F66000053103 /* ShellScript */ = {
			isa = PBXShellScriptBuildPhase;
			buildActionMask = 2147483647;
			files = (
			);
			inputPaths = (
			);
			outputPaths = (
			);
			runOnlyForDeploymentPostprocessing = 0;
			shellPath = /bin/sh;
			shellScript = "install_name_tool -change libfdcore.6.dylib /opt/fd/lib/libfdcore.6.dylib /Users/chengyi/Library/Developer/Xcode/DerivedData/trafficreport-hholpfoifwudwtbrunjwljpcyjuf/Build/Products/Debug/trplugin\ninstall_name_tool -change libfdproto.6.dylib /opt/fd/lib/libfdproto.6.dylib /Users/chengyi/Library/Developer/Xcode/DerivedData/trafficreport-hholpfoifwudwtbrunjwljpcyjuf/Build/Products/Debug/trplugin";
		};
/* End PBXShellScriptBuildPhase section */

/* Begin PBXSourcesBuildPhase section */
		266710F71A7C113C00A140E9 /* Sources */ = {
			isa = PBXSourcesBuildPhase;
			buildActionMask = 2147483647;
			files = (
				26D68F3D1A990F9D00BF5851 /* dc.c in Sources */,
				26D68F3E1A990F9D00BF5851 /* ta_dict.c in Sources */,
				26D68F3F1A990F9D00BF5851 /* test_app.c in Sources */,
				26D68F401A990F9D00BF5851 /* ta_cli.c in Sources */,
				26D68F411A990F9D00BF5851 /* trplugin.c in Sources */,
				26D68F421A990F9D00BF5851 /* definition.c in Sources */,
				26D68F431A990F9D00BF5851 /* srv_resource.c in Sources */,
				26D68F451A9A136000BF5851 /* timeout_thread.c in Sources */,
			);
			runOnlyForDeploymentPostprocessing = 0;
		};
/* End PBXSourcesBuildPhase section */

/* Begin XCBuildConfiguration section */
		266711001A7C113C00A140E9 /* Debug */ = {
			isa = XCBuildConfiguration;
			buildSettings = {
				ALWAYS_SEARCH_USER_PATHS = NO;
				CLANG_CXX_LANGUAGE_STANDARD = "gnu++0x";
				CLANG_CXX_LIBRARY = "libc++";
				CLANG_ENABLE_MODULES = YES;
				CLANG_ENABLE_OBJC_ARC = YES;
				CLANG_WARN_BOOL_CONVERSION = YES;
				CLANG_WARN_CONSTANT_CONVERSION = YES;
				CLANG_WARN_DIRECT_OBJC_ISA_USAGE = YES_ERROR;
				CLANG_WARN_EMPTY_BODY = YES;
				CLANG_WARN_ENUM_CONVERSION = YES;
				CLANG_WARN_INT_CONVERSION = YES;
				CLANG_WARN_OBJC_ROOT_CLASS = YES_ERROR;
				CLANG_WARN_UNREACHABLE_CODE = YES;
				CLANG_WARN__DUPLICATE_METHOD_MATCH = YES;
				COPY_PHASE_STRIP = NO;
				ENABLE_STRICT_OBJC_MSGSEND = YES;
				GCC_C_LANGUAGE_STANDARD = gnu99;
				GCC_DYNAMIC_NO_PIC = NO;
				GCC_OPTIMIZATION_LEVEL = 0;
				GCC_PREPROCESSOR_DEFINITIONS = (
					"DEBUG=1",
					"$(inherited)",
				);
				GCC_SYMBOLS_PRIVATE_EXTERN = NO;
				GCC_WARN_64_TO_32_BIT_CONVERSION = YES;
				GCC_WARN_ABOUT_RETURN_TYPE = YES_ERROR;
				GCC_WARN_UNDECLARED_SELECTOR = YES;
				GCC_WARN_UNINITIALIZED_AUTOS = YES_AGGRESSIVE;
				GCC_WARN_UNUSED_FUNCTION = YES;
				GCC_WARN_UNUSED_VARIABLE = YES;
				HEADER_SEARCH_PATHS = (
					"$(inherited)",
					/opt/ats/include,
					/opt/fd/include,
					"/Users/chengyi/Documents/trafficserver-5.2.0/lib/ts",
					/Applications/Xcode.app/Contents/Developer/Toolchains/XcodeDefault.xctoolchain/usr/include,
				);
				LIBRARY_SEARCH_PATHS = /Users/chengyi/Documents/ats/lib;
				MACOSX_DEPLOYMENT_TARGET = 10.10;
				MTL_ENABLE_DEBUG_INFO = YES;
				ONLY_ACTIVE_ARCH = YES;
				SDKROOT = macosx;
			};
			name = Debug;
		};
		266711011A7C113C00A140E9 /* Release */ = {
			isa = XCBuildConfiguration;
			buildSettings = {
				ALWAYS_SEARCH_USER_PATHS = NO;
				CLANG_CXX_LANGUAGE_STANDARD = "gnu++0x";
				CLANG_CXX_LIBRARY = "libc++";
				CLANG_ENABLE_MODULES = YES;
				CLANG_ENABLE_OBJC_ARC = YES;
				CLANG_WARN_BOOL_CONVERSION = YES;
				CLANG_WARN_CONSTANT_CONVERSION = YES;
				CLANG_WARN_DIRECT_OBJC_ISA_USAGE = YES_ERROR;
				CLANG_WARN_EMPTY_BODY = YES;
				CLANG_WARN_ENUM_CONVERSION = YES;
				CLANG_WARN_INT_CONVERSION = YES;
				CLANG_WARN_OBJC_ROOT_CLASS = YES_ERROR;
				CLANG_WARN_UNREACHABLE_CODE = YES;
				CLANG_WARN__DUPLICATE_METHOD_MATCH = YES;
				COPY_PHASE_STRIP = YES;
				DEBUG_INFORMATION_FORMAT = "dwarf-with-dsym";
				ENABLE_NS_ASSERTIONS = NO;
				ENABLE_STRICT_OBJC_MSGSEND = YES;
				GCC_C_LANGUAGE_STANDARD = gnu99;
				GCC_WARN_64_TO_32_BIT_CONVERSION = YES;
				GCC_WARN_ABOUT_RETURN_TYPE = YES_ERROR;
				GCC_WARN_UNDECLARED_SELECTOR = YES;
				GCC_WARN_UNINITIALIZED_AUTOS = YES_AGGRESSIVE;
				GCC_WARN_UNUSED_FUNCTION = YES;
				GCC_WARN_UNUSED_VARIABLE = YES;
				HEADER_SEARCH_PATHS = (
					"$(inherited)",
					/opt/ats/include,
					/opt/fd/include,
					"/Users/chengyi/Documents/trafficserver-5.2.0/lib/ts",
					/Applications/Xcode.app/Contents/Developer/Toolchains/XcodeDefault.xctoolchain/usr/include,
				);
				LIBRARY_SEARCH_PATHS = /Users/chengyi/Documents/ats/lib;
				MACOSX_DEPLOYMENT_TARGET = 10.10;
				MTL_ENABLE_DEBUG_INFO = NO;
				SDKROOT = macosx;
			};
			name = Release;
		};
		266711031A7C113C00A140E9 /* Debug */ = {
			isa = XCBuildConfiguration;
			buildSettings = {
				ALWAYS_SEARCH_USER_PATHS = YES;
				HEADER_SEARCH_PATHS = (
					"$(inherited)",
					/opt/ats/include,
					/opt/fd/include,
					/opt/local/include,
					/Applications/Xcode.app/Contents/Developer/Toolchains/XcodeDefault.xctoolchain/usr/include,
				);
				"HEADER_SEARCH_PATHS[arch=*]" = (
					"$(inherited)",
					/opt/ats/include,
					/opt/fd/include,
					/Applications/Xcode.app/Contents/Developer/Toolchains/XcodeDefault.xctoolchain/usr/include,
				);
				LIBRARY_SEARCH_PATHS = (
					"$(inherited)",
					/opt/ats/lib,
					/opt/fd/lib,
				);
				"LIBRARY_SEARCH_PATHS[arch=*]" = "$(inherited)";
				OTHER_LDFLAGS = "";
				"OTHER_LDFLAGS[arch=*]" = (
					"-g",
					"-L/opt/ats/lib",
					"-L/opt/fd/lib",
					"-ltsconfig",
					"-ltsmgmt",
					"-ltsutil",
					"-lfdcore",
					"-lfdproto",
					"-flat_namespace",
					"-undefined",
					suppress,
				);
				PRODUCT_NAME = "$(TARGET_NAME)";
				USER_HEADER_SEARCH_PATHS = "/opt/ats/include /opt/fd/include";
			};
			name = Debug;
		};
		266711041A7C113C00A140E9 /* Release */ = {
			isa = XCBuildConfiguration;
			buildSettings = {
				ALWAYS_SEARCH_USER_PATHS = YES;
				HEADER_SEARCH_PATHS = (
					"$(inherited)",
					/opt/ats/include,
					/opt/fd/include,
					/opt/local/include,
					/Applications/Xcode.app/Contents/Developer/Toolchains/XcodeDefault.xctoolchain/usr/include,
				);
				"HEADER_SEARCH_PATHS[arch=*]" = (
					"$(inherited)",
					/opt/ats/include,
					/opt/fd/include,
					/Applications/Xcode.app/Contents/Developer/Toolchains/XcodeDefault.xctoolchain/usr/include,
				);
				LIBRARY_SEARCH_PATHS = (
					"$(inherited)",
					/opt/ats/lib,
					/opt/fd/lib,
				);
				"LIBRARY_SEARCH_PATHS[arch=*]" = "$(inherited)";
				OTHER_LDFLAGS = "";
				"OTHER_LDFLAGS[arch=*]" = (
					"-g",
					"-L/opt/ats/lib",
					"-L/opt/fd/lib",
					"-ltsconfig",
					"-ltsmgmt",
					"-ltsutil",
					"-lfdcore",
					"-lfdproto",
					"-flat_namespace",
					"-undefined",
					suppress,
				);
				PRODUCT_NAME = "$(TARGET_NAME)";
				USER_HEADER_SEARCH_PATHS = "/opt/ats/include /opt/fd/include";
			};
			name = Release;
		};
/* End XCBuildConfiguration section */

/* Begin XCConfigurationList section */
		266710F61A7C113C00A140E9 /* Build configuration list for PBXProject "trplugin" */ = {
			isa = XCConfigurationList;
			buildConfigurations = (
				266711001A7C113C00A140E9 /* Debug */,
				266711011A7C113C00A140E9 /* Release */,
			);
			defaultConfigurationIsVisible = 0;
			defaultConfigurationName = Release;
		};
		266711021A7C113C00A140E9 /* Build configuration list for PBXNativeTarget "trplugin" */ = {
			isa = XCConfigurationList;
			buildConfigurations = (
				266711031A7C113C00A140E9 /* Debug */,
				266711041A7C113C00A140E9 /* Release */,
			);
			defaultConfigurationIsVisible = 0;
			defaultConfigurationName = Release;
		};
/* End XCConfigurationList section */
	};
	rootObject = 266710F31A7C113C00A140E9 /* Project object */;
}
